
Microsoft Visual Studio Solution File, Format Version 12.00
# Visual Studio Version 17
VisualStudioVersion = 17.10.35027.167
MinimumVisualStudioVersion = 10.0.40219.1
Project("{9A19103F-16F7-4668-BE54-9A1E7A4F7556}") = "ApiCatalogo", "ApiCatalogo\ApiCatalogo.csproj", "{9A4E0FAE-A113-499A-8237-1E8F6350838B}"
EndProject
Project("{FAE04EC0-301F-11D3-BF4B-00C04F79EFBC}") = "ApiCatalogoxUnitTests", "ApiCatalogoxUnitTests\ApiCatalogoxUnitTests.csproj", "{BA8C2C21-B00A-4501-82E5-5342C9BF63C8}"
EndProject
Global
	GlobalSection(SolutionConfigurationPlatforms) = preSolution
		Debug|Any CPU = Debug|Any CPU
		Release|Any CPU = Release|Any CPU
	EndGlobalSection
	GlobalSection(ProjectConfigurationPlatforms) = postSolution
		{9A4E0FAE-A113-499A-8237-1E8F6350838B}.Debug|Any CPU.ActiveCfg = Debug|Any CPU
		{9A4E0FAE-A113-499A-8237-1E8F6350838B}.Debug|Any CPU.Build.0 = Debug|Any CPU
		{9A4E0FAE-A113-499A-8237-1E8F6350838B}.Release|Any CPU.ActiveCfg = Release|Any CPU
		{9A4E0FAE-A113-499A-8237-1E8F6350838B}.Release|Any CPU.Build.0 = Release|Any CPU
		{BA8C2C21-B00A-4501-82E5-5342C9BF63C8}.Debug|Any CPU.ActiveCfg = Debug|Any CPU
		{BA8C2C21-B00A-4501-82E5-5342C9BF63C8}.Debug|Any CPU.Build.0 = Debug|Any CPU
		{BA8C2C21-B00A-4501-82E5-5342C9BF63C8}.Release|Any CPU.ActiveCfg = Release|Any CPU
		{BA8C2C21-B00A-4501-82E5-5342C9BF63C8}.Release|Any CPU.Build.0 = Release|Any CPU
	EndGlobalSection
	GlobalSection(SolutionProperties) = preSolution
		HideSolutionNode = FALSE
	EndGlobalSection
	GlobalSection(ExtensibilityGlobals) = postSolution
		SolutionGuid = {6DF8FEC8-65C2-4B90-BC21-CA23C89C22E9}
	EndGlobalSection
EndGlobal
